
Microsoft Visual Studio Solution File, Format Version 12.00
# Visual Studio Version 17
VisualStudioVersion = 17.10.35013.160
MinimumVisualStudioVersion = 10.0.40219.1
Project("{FAE04EC0-301F-11D3-BF4B-00C04F79EFBC}") = "ApiGatewayFramework", "ApiGatewayFramework.csproj", "{4839C047-6726-4714-BE0B-2249E9A72845}"
EndProject
Global
	GlobalSection(SolutionConfigurationPlatforms) = preSolution
		Debug|Any CPU = Debug|Any CPU
		Release|Any CPU = Release|Any CPU
	EndGlobalSection
	GlobalSection(ProjectConfigurationPlatforms) = postSolution
		{4839C047-6726-4714-BE0B-2249E9A72845}.Debug|Any CPU.ActiveCfg = Debug|Any CPU
		{4839C047-6726-4714-BE0B-2249E9A72845}.Debug|Any CPU.Build.0 = Debug|Any CPU
		{4839C047-6726-4714-BE0B-2249E9A72845}.Release|Any CPU.ActiveCfg = Release|Any CPU
		{4839C047-6726-4714-BE0B-2249E9A72845}.Release|Any CPU.Build.0 = Release|Any CPU
	EndGlobalSection
	GlobalSection(SolutionProperties) = preSolution
		HideSolutionNode = FALSE
	EndGlobalSection
	GlobalSection(ExtensibilityGlobals) = postSolution
		SolutionGuid = {B9C3A835-3B51-49BB-8E1D-BB4CF335D115}
	EndGlobalSection
EndGlobal
